{
  "requires": true,
  "lockfileVersion": 1,
  "dependencies": {
    "ngx-slick": {
      "version": "0.2.1",
      "resolved": "https://registry.npmjs.org/ngx-slick/-/ngx-slick-0.2.1.tgz",
      "integrity": "sha512-1ynZi91njdTNuc0fkzpIceLWwlu4wyn8IGFZqxqLGup4z3Frl+d4fRgTtZYhSufqp8hSx263I699NloWJgbG0A=="
    }
  }
}
